
Microsoft Visual Studio Solution File, Format Version 12.00
# Visual Studio 15
VisualStudioVersion = 15.0.26730.10
MinimumVisualStudioVersion = 10.0.40219.1
Project("{FAE04EC0-301F-11D3-BF4B-00C04F79EFBC}") = "Microsoft.PowerShell.Archive", "SRC\Microsoft.PowerShell.Archive\Microsoft.PowerShell.Archive.csproj", "{B37E6EC2-E22D-407B-AB2D-F4C02C7EDA71}"
EndProject
Project("{2150E333-8FDC-42A3-9474-1A3956D46DE8}") = "Solution Items", "Solution Items", "{3DCDF473-9667-4F84-B1A3-D3843766DAE8}"
EndProject
Global
	GlobalSection(SolutionConfigurationPlatforms) = preSolution
		Debug|Any CPU = Debug|Any CPU
		Release|Any CPU = Release|Any CPU
	EndGlobalSection
	GlobalSection(ProjectConfigurationPlatforms) = postSolution
		{B37E6EC2-E22D-407B-AB2D-F4C02C7EDA71}.Debug|Any CPU.ActiveCfg = Debug|Any CPU
		{B37E6EC2-E22D-407B-AB2D-F4C02C7EDA71}.Debug|Any CPU.Build.0 = Debug|Any CPU
		{B37E6EC2-E22D-407B-AB2D-F4C02C7EDA71}.Release|Any CPU.ActiveCfg = Release|Any CPU
		{B37E6EC2-E22D-407B-AB2D-F4C02C7EDA71}.Release|Any CPU.Build.0 = Release|Any CPU
	EndGlobalSection
	GlobalSection(SolutionProperties) = preSolution
		HideSolutionNode = FALSE
	EndGlobalSection
	GlobalSection(ExtensibilityGlobals) = postSolution
		SolutionGuid = {BB182DC0-D6FC-4C77-807F-2F4618457F7C}
	EndGlobalSection
EndGlobal
